
Microsoft Visual Studio Solution File, Format Version 12.00
# Visual Studio Version 16
VisualStudioVersion = 16.0.31025.194
MinimumVisualStudioVersion = 10.0.40219.1
Project("{8BC9CEB8-8B4A-11D0-8D11-00A0C91BC942}") = "test", "test.vcxproj", "{2C46D08C-39A1-4A13-BE61-76867931F211}"
EndProject
Project("{8BC9CEB8-8B4A-11D0-8D11-00A0C91BC942}") = "Chap2", "..\Chap2\Chap2.vcxproj", "{4A0C15DC-325B-4673-BF3A-776E4A1571D4}"
EndProject
Project("{8BC9CEB8-8B4A-11D0-8D11-00A0C91BC942}") = "Chap3", "..\Chap3\Chap3.vcxproj", "{CAD8048B-857B-47FD-A194-9333F5F193A8}"
EndProject
Project("{8BC9CEB8-8B4A-11D0-8D11-00A0C91BC942}") = "Chap4", "..\Chap4\Chap4.vcxproj", "{975CD5FA-9E84-4B29-B1F9-D022C135A3C0}"
EndProject
Project("{8BC9CEB8-8B4A-11D0-8D11-00A0C91BC942}") = "Chap5", "..\Chap5\Chap5.vcxproj", "{C8919CA9-39EC-42BF-84AE-105B90239FC9}"
EndProject
Project("{8BC9CEB8-8B4A-11D0-8D11-00A0C91BC942}") = "Chap6", "..\Chap6\Chap6.vcxproj", "{EB5E7196-6D6D-44C3-AEAD-49564A9403F3}"
EndProject
Project("{8BC9CEB8-8B4A-11D0-8D11-00A0C91BC942}") = "Chap7", "..\Chap7\Chap7.vcxproj", "{15023D4F-02E9-4F49-903A-4BCC0CB91F2C}"
EndProject
Project("{8BC9CEB8-8B4A-11D0-8D11-00A0C91BC942}") = "Chap8", "..\Chap8\Chap8.vcxproj", "{8FED3203-EF6D-4E72-A128-98BC2BE90B7F}"
EndProject
Project("{8BC9CEB8-8B4A-11D0-8D11-00A0C91BC942}") = "Chap9", "..\Chap9\Chap9.vcxproj", "{FB29E5E4-2AED-4324-9288-E604B8DEAD02}"
EndProject
Project("{8BC9CEB8-8B4A-11D0-8D11-00A0C91BC942}") = "Chap10", "..\Chap10\Chap10.vcxproj", "{84AF3506-9806-41B6-96BF-2BFCC773F050}"
EndProject
Project("{8BC9CEB8-8B4A-11D0-8D11-00A0C91BC942}") = "Chap11", "..\Chap11\Chap11.vcxproj", "{55DC38C4-2E5A-4C05-8BF1-EF31AE361E55}"
EndProject
Project("{8BC9CEB8-8B4A-11D0-8D11-00A0C91BC942}") = "Chap12", "..\Chap12\Chap12.vcxproj", "{D9F467A3-8BCE-4FB0-A2FD-95FA815639F8}"
EndProject
Project("{8BC9CEB8-8B4A-11D0-8D11-00A0C91BC942}") = "Chap13", "..\Chap13\Chap13.vcxproj", "{CE7A4ECE-4324-4CCC-A454-A4929E689D5D}"
EndProject
Project("{8BC9CEB8-8B4A-11D0-8D11-00A0C91BC942}") = "Chap14", "..\Chap14\Chap14.vcxproj", "{2DB39ECE-157F-4EFB-9927-A0CBF4085670}"
EndProject
Global
	GlobalSection(SolutionConfigurationPlatforms) = preSolution
		Debug|x64 = Debug|x64
		Debug|x86 = Debug|x86
		Release|x64 = Release|x64
		Release|x86 = Release|x86
	EndGlobalSection
	GlobalSection(ProjectConfigurationPlatforms) = postSolution
		{2C46D08C-39A1-4A13-BE61-76867931F211}.Debug|x64.ActiveCfg = Debug|x64
		{2C46D08C-39A1-4A13-BE61-76867931F211}.Debug|x64.Build.0 = Debug|x64
		{2C46D08C-39A1-4A13-BE61-76867931F211}.Debug|x86.ActiveCfg = Debug|Win32
		{2C46D08C-39A1-4A13-BE61-76867931F211}.Debug|x86.Build.0 = Debug|Win32
		{2C46D08C-39A1-4A13-BE61-76867931F211}.Release|x64.ActiveCfg = Release|x64
		{2C46D08C-39A1-4A13-BE61-76867931F211}.Release|x64.Build.0 = Release|x64
		{2C46D08C-39A1-4A13-BE61-76867931F211}.Release|x86.ActiveCfg = Release|Win32
		{2C46D08C-39A1-4A13-BE61-76867931F211}.Release|x86.Build.0 = Release|Win32
		{4A0C15DC-325B-4673-BF3A-776E4A1571D4}.Debug|x64.ActiveCfg = Debug|x64
		{4A0C15DC-325B-4673-BF3A-776E4A1571D4}.Debug|x64.Build.0 = Debug|x64
		{4A0C15DC-325B-4673-BF3A-776E4A1571D4}.Debug|x86.ActiveCfg = Debug|Win32
		{4A0C15DC-325B-4673-BF3A-776E4A1571D4}.Debug|x86.Build.0 = Debug|Win32
		{4A0C15DC-325B-4673-BF3A-776E4A1571D4}.Release|x64.ActiveCfg = Release|x64
		{4A0C15DC-325B-4673-BF3A-776E4A1571D4}.Release|x64.Build.0 = Release|x64
		{4A0C15DC-325B-4673-BF3A-776E4A1571D4}.Release|x86.ActiveCfg = Release|Win32
		{4A0C15DC-325B-4673-BF3A-776E4A1571D4}.Release|x86.Build.0 = Release|Win32
		{CAD8048B-857B-47FD-A194-9333F5F193A8}.Debug|x64.ActiveCfg = Debug|x64
		{CAD8048B-857B-47FD-A194-9333F5F193A8}.Debug|x64.Build.0 = Debug|x64
		{CAD8048B-857B-47FD-A194-9333F5F193A8}.Debug|x86.ActiveCfg = Debug|Win32
		{CAD8048B-857B-47FD-A194-9333F5F193A8}.Debug|x86.Build.0 = Debug|Win32
		{CAD8048B-857B-47FD-A194-9333F5F193A8}.Release|x64.ActiveCfg = Release|x64
		{CAD8048B-857B-47FD-A194-9333F5F193A8}.Release|x64.Build.0 = Release|x64
		{CAD8048B-857B-47FD-A194-9333F5F193A8}.Release|x86.ActiveCfg = Release|Win32
		{CAD8048B-857B-47FD-A194-9333F5F193A8}.Release|x86.Build.0 = Release|Win32
		{975CD5FA-9E84-4B29-B1F9-D022C135A3C0}.Debug|x64.ActiveCfg = Debug|x64
		{975CD5FA-9E84-4B29-B1F9-D022C135A3C0}.Debug|x64.Build.0 = Debug|x64
		{975CD5FA-9E84-4B29-B1F9-D022C135A3C0}.Debug|x86.ActiveCfg = Debug|Win32
		{975CD5FA-9E84-4B29-B1F9-D022C135A3C0}.Debug|x86.Build.0 = Debug|Win32
		{975CD5FA-9E84-4B29-B1F9-D022C135A3C0}.Release|x64.ActiveCfg = Release|x64
		{975CD5FA-9E84-4B29-B1F9-D022C135A3C0}.Release|x64.Build.0 = Release|x64
		{975CD5FA-9E84-4B29-B1F9-D022C135A3C0}.Release|x86.ActiveCfg = Release|Win32
		{975CD5FA-9E84-4B29-B1F9-D022C135A3C0}.Release|x86.Build.0 = Release|Win32
		{C8919CA9-39EC-42BF-84AE-105B90239FC9}.Debug|x64.ActiveCfg = Debug|x64
		{C8919CA9-39EC-42BF-84AE-105B90239FC9}.Debug|x64.Build.0 = Debug|x64
		{C8919CA9-39EC-42BF-84AE-105B90239FC9}.Debug|x86.ActiveCfg = Debug|Win32
		{C8919CA9-39EC-42BF-84AE-105B90239FC9}.Debug|x86.Build.0 = Debug|Win32
		{C8919CA9-39EC-42BF-84AE-105B90239FC9}.Release|x64.ActiveCfg = Release|x64
		{C8919CA9-39EC-42BF-84AE-105B90239FC9}.Release|x64.Build.0 = Release|x64
		{C8919CA9-39EC-42BF-84AE-105B90239FC9}.Release|x86.ActiveCfg = Release|Win32
		{C8919CA9-39EC-42BF-84AE-105B90239FC9}.Release|x86.Build.0 = Release|Win32
		{EB5E7196-6D6D-44C3-AEAD-49564A9403F3}.Debug|x64.ActiveCfg = Debug|x64
		{EB5E7196-6D6D-44C3-AEAD-49564A9403F3}.Debug|x64.Build.0 = Debug|x64
		{EB5E7196-6D6D-44C3-AEAD-49564A9403F3}.Debug|x86.ActiveCfg = Debug|Win32
		{EB5E7196-6D6D-44C3-AEAD-49564A9403F3}.Debug|x86.Build.0 = Debug|Win32
		{EB5E7196-6D6D-44C3-AEAD-49564A9403F3}.Release|x64.ActiveCfg = Release|x64
		{EB5E7196-6D6D-44C3-AEAD-49564A9403F3}.Release|x64.Build.0 = Release|x64
		{EB5E7196-6D6D-44C3-AEAD-49564A9403F3}.Release|x86.ActiveCfg = Release|Win32
		{EB5E7196-6D6D-44C3-AEAD-49564A9403F3}.Release|x86.Build.0 = Release|Win32
		{15023D4F-02E9-4F49-903A-4BCC0CB91F2C}.Debug|x64.ActiveCfg = Debug|x64
		{15023D4F-02E9-4F49-903A-4BCC0CB91F2C}.Debug|x64.Build.0 = Debug|x64
		{15023D4F-02E9-4F49-903A-4BCC0CB91F2C}.Debug|x86.ActiveCfg = Debug|Win32
		{15023D4F-02E9-4F49-903A-4BCC0CB91F2C}.Debug|x86.Build.0 = Debug|Win32
		{15023D4F-02E9-4F49-903A-4BCC0CB91F2C}.Release|x64.ActiveCfg = Release|x64
		{15023D4F-02E9-4F49-903A-4BCC0CB91F2C}.Release|x64.Build.0 = Release|x64
		{15023D4F-02E9-4F49-903A-4BCC0CB91F2C}.Release|x86.ActiveCfg = Release|Win32
		{15023D4F-02E9-4F49-903A-4BCC0CB91F2C}.Release|x86.Build.0 = Release|Win32
		{8FED3203-EF6D-4E72-A128-98BC2BE90B7F}.Debug|x64.ActiveCfg = Debug|x64
		{8FED3203-EF6D-4E72-A128-98BC2BE90B7F}.Debug|x64.Build.0 = Debug|x64
		{8FED3203-EF6D-4E72-A128-98BC2BE90B7F}.Debug|x86.ActiveCfg = Debug|Win32
		{8FED3203-EF6D-4E72-A128-98BC2BE90B7F}.Debug|x86.Build.0 = Debug|Win32
		{8FED3203-EF6D-4E72-A128-98BC2BE90B7F}.Release|x64.ActiveCfg = Release|x64
		{8FED3203-EF6D-4E72-A128-98BC2BE90B7F}.Release|x64.Build.0 = Release|x64
		{8FED3203-EF6D-4E72-A128-98BC2BE90B7F}.Release|x86.ActiveCfg = Release|Win32
		{8FED3203-EF6D-4E72-A128-98BC2BE90B7F}.Release|x86.Build.0 = Release|Win32
		{FB29E5E4-2AED-4324-9288-E604B8DEAD02}.Debug|x64.ActiveCfg = Debug|x64
		{FB29E5E4-2AED-4324-9288-E604B8DEAD02}.Debug|x64.Build.0 = Debug|x64
		{FB29E5E4-2AED-4324-9288-E604B8DEAD02}.Debug|x86.ActiveCfg = Debug|Win32
		{FB29E5E4-2AED-4324-9288-E604B8DEAD02}.Debug|x86.Build.0 = Debug|Win32
		{FB29E5E4-2AED-4324-9288-E604B8DEAD02}.Release|x64.ActiveCfg = Release|x64
		{FB29E5E4-2AED-4324-9288-E604B8DEAD02}.Release|x64.Build.0 = Release|x64
		{FB29E5E4-2AED-4324-9288-E604B8DEAD02}.Release|x86.ActiveCfg = Release|Win32
		{FB29E5E4-2AED-4324-9288-E604B8DEAD02}.Release|x86.Build.0 = Release|Win32
		{84AF3506-9806-41B6-96BF-2BFCC773F050}.Debug|x64.ActiveCfg = Debug|x64
		{84AF3506-9806-41B6-96BF-2BFCC773F050}.Debug|x64.Build.0 = Debug|x64
		{84AF3506-9806-41B6-96BF-2BFCC773F050}.Debug|x86.ActiveCfg = Debug|Win32
		{84AF3506-9806-41B6-96BF-2BFCC773F050}.Debug|x86.Build.0 = Debug|Win32
		{84AF3506-9806-41B6-96BF-2BFCC773F050}.Release|x64.ActiveCfg = Release|x64
		{84AF3506-9806-41B6-96BF-2BFCC773F050}.Release|x64.Build.0 = Release|x64
		{84AF3506-9806-41B6-96BF-2BFCC773F050}.Release|x86.ActiveCfg = Release|Win32
		{84AF3506-9806-41B6-96BF-2BFCC773F050}.Release|x86.Build.0 = Release|Win32
		{55DC38C4-2E5A-4C05-8BF1-EF31AE361E55}.Debug|x64.ActiveCfg = Debug|x64
		{55DC38C4-2E5A-4C05-8BF1-EF31AE361E55}.Debug|x64.Build.0 = Debug|x64
		{55DC38C4-2E5A-4C05-8BF1-EF31AE361E55}.Debug|x86.ActiveCfg = Debug|Win32
		{55DC38C4-2E5A-4C05-8BF1-EF31AE361E55}.Debug|x86.Build.0 = Debug|Win32
		{55DC38C4-2E5A-4C05-8BF1-EF31AE361E55}.Release|x64.ActiveCfg = Release|x64
		{55DC38C4-2E5A-4C05-8BF1-EF31AE361E55}.Release|x64.Build.0 = Release|x64
		{55DC38C4-2E5A-4C05-8BF1-EF31AE361E55}.Release|x86.ActiveCfg = Release|Win32
		{55DC38C4-2E5A-4C05-8BF1-EF31AE361E55}.Release|x86.Build.0 = Release|Win32
		{D9F467A3-8BCE-4FB0-A2FD-95FA815639F8}.Debug|x64.ActiveCfg = Debug|x64
		{D9F467A3-8BCE-4FB0-A2FD-95FA815639F8}.Debug|x64.Build.0 = Debug|x64
		{D9F467A3-8BCE-4FB0-A2FD-95FA815639F8}.Debug|x86.ActiveCfg = Debug|Win32
		{D9F467A3-8BCE-4FB0-A2FD-95FA815639F8}.Debug|x86.Build.0 = Debug|Win32
		{D9F467A3-8BCE-4FB0-A2FD-95FA815639F8}.Release|x64.ActiveCfg = Release|x64
		{D9F467A3-8BCE-4FB0-A2FD-95FA815639F8}.Release|x64.Build.0 = Release|x64
		{D9F467A3-8BCE-4FB0-A2FD-95FA815639F8}.Release|x86.ActiveCfg = Release|Win32
		{D9F467A3-8BCE-4FB0-A2FD-95FA815639F8}.Release|x86.Build.0 = Release|Win32
		{CE7A4ECE-4324-4CCC-A454-A4929E689D5D}.Debug|x64.ActiveCfg = Debug|x64
		{CE7A4ECE-4324-4CCC-A454-A4929E689D5D}.Debug|x64.Build.0 = Debug|x64
		{CE7A4ECE-4324-4CCC-A454-A4929E689D5D}.Debug|x86.ActiveCfg = Debug|Win32
		{CE7A4ECE-4324-4CCC-A454-A4929E689D5D}.Debug|x86.Build.0 = Debug|Win32
		{CE7A4ECE-4324-4CCC-A454-A4929E689D5D}.Release|x64.ActiveCfg = Release|x64
		{CE7A4ECE-4324-4CCC-A454-A4929E689D5D}.Release|x64.Build.0 = Release|x64
		{CE7A4ECE-4324-4CCC-A454-A4929E689D5D}.Release|x86.ActiveCfg = Release|Win32
		{CE7A4ECE-4324-4CCC-A454-A4929E689D5D}.Release|x86.Build.0 = Release|Win32
		{2DB39ECE-157F-4EFB-9927-A0CBF4085670}.Debug|x64.ActiveCfg = Debug|x64
		{2DB39ECE-157F-4EFB-9927-A0CBF4085670}.Debug|x64.Build.0 = Debug|x64
		{2DB39ECE-157F-4EFB-9927-A0CBF4085670}.Debug|x86.ActiveCfg = Debug|Win32
		{2DB39ECE-157F-4EFB-9927-A0CBF4085670}.Debug|x86.Build.0 = Debug|Win32
		{2DB39ECE-157F-4EFB-9927-A0CBF4085670}.Release|x64.ActiveCfg = Release|x64
		{2DB39ECE-157F-4EFB-9927-A0CBF4085670}.Release|x64.Build.0 = Release|x64
		{2DB39ECE-157F-4EFB-9927-A0CBF4085670}.Release|x86.ActiveCfg = Release|Win32
		{2DB39ECE-157F-4EFB-9927-A0CBF4085670}.Release|x86.Build.0 = Release|Win32
	EndGlobalSection
	GlobalSection(SolutionProperties) = preSolution
		HideSolutionNode = FALSE
	EndGlobalSection
	GlobalSection(ExtensibilityGlobals) = postSolution
		SolutionGuid = {AB45A3D3-3A2B-44A9-A643-D424E9425F6E}
	EndGlobalSection
EndGlobal
